# This file is automatically @generated by Cargo.
# It is not intended for manual editing.
version = 4

[[package]]
name = "use-astronomical-constants"
version = "0.1.0"

[[package]]
name = "use-chemical-constants"
version = "0.1.0"

[[package]]
name = "use-computing-constants"
version = "0.1.0"

[[package]]
name = "use-constants"
version = "0.1.0"
dependencies = [
 "use-astronomical-constants",
 "use-chemical-constants",
 "use-computing-constants",
 "use-earth-constants",
 "use-math-constants",
 "use-physical-constants",
]

[[package]]
name = "use-earth-constants"
version = "0.1.0"

[[package]]
name = "use-math-constants"
version = "0.1.0"

[[package]]
name = "use-physical-constants"
version = "0.1.0"
